
Microsoft Visual Studio Solution File, Format Version 12.00
# Visual Studio Version 17
VisualStudioVersion = 17.3.32929.385
MinimumVisualStudioVersion = 10.0.40219.1
Project("{9A19103F-16F7-4668-BE54-9A1E7A4F7556}") = "LearnCICD.Api", "LearnCICD.Api\LearnCICD.Api.csproj", "{EF015443-60CA-4F99-B1BD-B38046A47B9B}"
EndProject
Project("{FAE04EC0-301F-11D3-BF4B-00C04F79EFBC}") = "LearnCICD.Tests", "LearnCICD.Tests\LearnCICD.Tests.csproj", "{529DD1DA-C191-4AD9-A04A-2203DC9CD293}"
EndProject
Global
	GlobalSection(SolutionConfigurationPlatforms) = preSolution
		Debug|Any CPU = Debug|Any CPU
		Release|Any CPU = Release|Any CPU
	EndGlobalSection
	GlobalSection(ProjectConfigurationPlatforms) = postSolution
		{EF015443-60CA-4F99-B1BD-B38046A47B9B}.Debug|Any CPU.ActiveCfg = Debug|Any CPU
		{EF015443-60CA-4F99-B1BD-B38046A47B9B}.Debug|Any CPU.Build.0 = Debug|Any CPU
		{EF015443-60CA-4F99-B1BD-B38046A47B9B}.Release|Any CPU.ActiveCfg = Release|Any CPU
		{EF015443-60CA-4F99-B1BD-B38046A47B9B}.Release|Any CPU.Build.0 = Release|Any CPU
		{529DD1DA-C191-4AD9-A04A-2203DC9CD293}.Debug|Any CPU.ActiveCfg = Debug|Any CPU
		{529DD1DA-C191-4AD9-A04A-2203DC9CD293}.Debug|Any CPU.Build.0 = Debug|Any CPU
		{529DD1DA-C191-4AD9-A04A-2203DC9CD293}.Release|Any CPU.ActiveCfg = Release|Any CPU
		{529DD1DA-C191-4AD9-A04A-2203DC9CD293}.Release|Any CPU.Build.0 = Release|Any CPU
	EndGlobalSection
	GlobalSection(SolutionProperties) = preSolution
		HideSolutionNode = FALSE
	EndGlobalSection
	GlobalSection(ExtensibilityGlobals) = postSolution
		SolutionGuid = {11569BC1-C66B-40AA-A775-EFBC117399D6}
	EndGlobalSection
EndGlobal
